{
  "name": "chrome-agent",
  "version": "0.1.0",
  "lockfileVersion": 3,
  "requires": true,
  "packages": {
    "": {
      "name": "chrome-agent",
      "version": "0.1.0",
      "devDependencies": {
        "chrome-devtools-mcp": "0.20.0",
        "pi-chrome-cdp": "github:pasky/chrome-cdp-skill#7c2940af8dbe12745f24845f352e7555baed0304"
      }
    },
    "node_modules/chrome-devtools-mcp": {
      "version": "0.20.0",
      "resolved": "https://registry.npmjs.org/chrome-devtools-mcp/-/chrome-devtools-mcp-0.20.0.tgz",
      "integrity": "sha512-wBnt8901lAXdac3AB7WdONYTAXGW+YqqIVVg7PztxYVNPs3VVgM2UZnZT/ICYPIofKTuRBOkRdEE/VYm90ZgYA==",
      "dev": true,
      "license": "Apache-2.0",
      "bin": {
        "chrome-devtools": "build/src/bin/chrome-devtools.js",
        "chrome-devtools-mcp": "build/src/bin/chrome-devtools-mcp.js"
      },
      "engines": {
        "node": "^20.19.0 || ^22.12.0 || >=23"
      }
    },
    "node_modules/pi-chrome-cdp": {
      "version": "1.0.2",
      "resolved": "git+ssh://git@github.com/pasky/chrome-cdp-skill.git#7c2940af8dbe12745f24845f352e7555baed0304",
      "integrity": "sha512-Nw07iCplNA+VhgXgv7I1VOAJ0TO4VsbClRk6vOd6j7gKBuVRQQC9uwkld5xrjZfwaPAsofItuJg2b+gB1O8azQ==",
      "dev": true,
      "license": "MIT"
    }
  }
}
